// !$*UTF8*$!
{
	archiveVersion = 1;
	classes = {
	};
	objectVersion = 56;
	objects = {

/* Begin PBXBuildFile section */
		7B72991829D1F365000B4BB0 /* AppDelegate.swift in Sources */ = {isa = PBXBuildFile; fileRef = 7B72991729D1F365000B4BB0 /* AppDelegate.swift */; };
		7B72991A29D1F365000B4BB0 /* SceneDelegate.swift in Sources */ = {isa = PBXBuildFile; fileRef = 7B72991929D1F365000B4BB0 /* SceneDelegate.swift */; };
		7B72991C29D1F365000B4BB0 /* ProductListViewController.swift in Sources */ = {isa = PBXBuildFile; fileRef = 7B72991B29D1F365000B4BB0 /* ProductListViewController.swift */; };
		7B72991F29D1F365000B4BB0 /* Main.storyboard in Resources */ = {isa = PBXBuildFile; fileRef = 7B72991D29D1F365000B4BB0 /* Main.storyboard */; };
		7B72992129D1F366000B4BB0 /* Assets.xcassets in Resources */ = {isa = PBXBuildFile; fileRef = 7B72992029D1F366000B4BB0 /* Assets.xcassets */; };
		7B72992429D1F366000B4BB0 /* LaunchScreen.storyboard in Resources */ = {isa = PBXBuildFile; fileRef = 7B72992229D1F366000B4BB0 /* LaunchScreen.storyboard */; };
		7B72993729D1F432000B4BB0 /* ProductModel.swift in Sources */ = {isa = PBXBuildFile; fileRef = 7B72993629D1F432000B4BB0 /* ProductModel.swift */; };
		7B72993929D1F52A000B4BB0 /* RateModel.swift in Sources */ = {isa = PBXBuildFile; fileRef = 7B72993829D1F52A000B4BB0 /* RateModel.swift */; };
		7B72993B29D1F565000B4BB0 /* APIManager.swift in Sources */ = {isa = PBXBuildFile; fileRef = 7B72993A29D1F565000B4BB0 /* APIManager.swift */; };
		7B72993D29D1F5E9000B4BB0 /* Constant.swift in Sources */ = {isa = PBXBuildFile; fileRef = 7B72993C29D1F5E8000B4BB0 /* Constant.swift */; };
		7B72993F29D1FC27000B4BB0 /* ProductViewModel.swift in Sources */ = {isa = PBXBuildFile; fileRef = 7B72993E29D1FC27000B4BB0 /* ProductViewModel.swift */; };
		7B72994229D244C6000B4BB0 /* ProductTableViewCell.swift in Sources */ = {isa = PBXBuildFile; fileRef = 7B72994029D244C6000B4BB0 /* ProductTableViewCell.swift */; };
		7B72994329D244C6000B4BB0 /* ProductTableViewCell.xib in Resources */ = {isa = PBXBuildFile; fileRef = 7B72994129D244C6000B4BB0 /* ProductTableViewCell.xib */; };
		7B72994629D24C5C000B4BB0 /* Kingfisher in Frameworks */ = {isa = PBXBuildFile; productRef = 7B72994529D24C5C000B4BB0 /* Kingfisher */; };
		7B72994829D24C7A000B4BB0 /* UIImageView+Extensions.swift in Sources */ = {isa = PBXBuildFile; fileRef = 7B72994729D24C7A000B4BB0 /* UIImageView+Extensions.swift */; };
/* End PBXBuildFile section */

/* Begin PBXFileReference section */
		7B72991429D1F365000B4BB0 /* Market.app */ = {isa = PBXFileReference; explicitFileType = wrapper.application; includeInIndex = 0; path = Market.app; sourceTree = BUILT_PRODUCTS_DIR; };
		7B72991729D1F365000B4BB0 /* AppDelegate.swift */ = {isa = PBXFileReference; lastKnownFileType = sourcecode.swift; path = AppDelegate.swift; sourceTree = "<group>"; };
		7B72991929D1F365000B4BB0 /* SceneDelegate.swift */ = {isa = PBXFileReference; lastKnownFileType = sourcecode.swift; path = SceneDelegate.swift; sourceTree = "<group>"; };
		7B72991B29D1F365000B4BB0 /* ProductListViewController.swift */ = {isa = PBXFileReference; lastKnownFileType = sourcecode.swift; path = ProductListViewController.swift; sourceTree = "<group>"; };
		7B72991E29D1F365000B4BB0 /* Base */ = {isa = PBXFileReference; lastKnownFileType = file.storyboard; name = Base; path = Base.lproj/Main.storyboard; sourceTree = "<group>"; };
		7B72992029D1F366000B4BB0 /* Assets.xcassets */ = {isa = PBXFileReference; lastKnownFileType = folder.assetcatalog; path = Assets.xcassets; sourceTree = "<group>"; };
		7B72992329D1F366000B4BB0 /* Base */ = {isa = PBXFileReference; lastKnownFileType = file.storyboard; name = Base; path = Base.lproj/LaunchScreen.storyboard; sourceTree = "<group>"; };
		7B72992529D1F366000B4BB0 /* Info.plist */ = {isa = PBXFileReference; lastKnownFileType = text.plist.xml; path = Info.plist; sourceTree = "<group>"; };
		7B72993629D1F432000B4BB0 /* ProductModel.swift */ = {isa = PBXFileReference; lastKnownFileType = sourcecode.swift; path = ProductModel.swift; sourceTree = "<group>"; };
		7B72993829D1F52A000B4BB0 /* RateModel.swift */ = {isa = PBXFileReference; lastKnownFileType = sourcecode.swift; path = RateModel.swift; sourceTree = "<group>"; };
		7B72993A29D1F565000B4BB0 /* APIManager.swift */ = {isa = PBXFileReference; lastKnownFileType = sourcecode.swift; path = APIManager.swift; sourceTree = "<group>"; };
		7B72993C29D1F5E8000B4BB0 /* Constant.swift */ = {isa = PBXFileReference; lastKnownFileType = sourcecode.swift; path = Constant.swift; sourceTree = "<group>"; };
		7B72993E29D1FC27000B4BB0 /* ProductViewModel.swift */ = {isa = PBXFileReference; lastKnownFileType = sourcecode.swift; path = ProductViewModel.swift; sourceTree = "<group>"; };
		7B72994029D244C6000B4BB0 /* ProductTableViewCell.swift */ = {isa = PBXFileReference; lastKnownFileType = sourcecode.swift; path = ProductTableViewCell.swift; sourceTree = "<group>"; };
		7B72994129D244C6000B4BB0 /* ProductTableViewCell.xib */ = {isa = PBXFileReference; lastKnownFileType = file.xib; path = ProductTableViewCell.xib; sourceTree = "<group>"; };
		7B72994729D24C7A000B4BB0 /* UIImageView+Extensions.swift */ = {isa = PBXFileReference; lastKnownFileType = sourcecode.swift; path = "UIImageView+Extensions.swift"; sourceTree = "<group>"; };
/* End PBXFileReference section */

/* Begin PBXFrameworksBuildPhase section */
		7B72991129D1F365000B4BB0 /* Frameworks */ = {
			isa = PBXFrameworksBuildPhase;
			buildActionMask = 2147483647;
			files = (
				7B72994629D24C5C000B4BB0 /* Kingfisher in Frameworks */,
			);
			runOnlyForDeploymentPostprocessing = 0;
		};
/* End PBXFrameworksBuildPhase section */

/* Begin PBXGroup section */
		7B72990B29D1F365000B4BB0 = {
			isa = PBXGroup;
			children = (
				7B72991629D1F365000B4BB0 /* Market */,
				7B72991529D1F365000B4BB0 /* Products */,
			);
			sourceTree = "<group>";
		};
		7B72991529D1F365000B4BB0 /* Products */ = {
			isa = PBXGroup;
			children = (
				7B72991429D1F365000B4BB0 /* Market.app */,
			);
			name = Products;
			sourceTree = "<group>";
		};
		7B72991629D1F365000B4BB0 /* Market */ = {
			isa = PBXGroup;
			children = (
				7B72993229D1F3A0000B4BB0 /* Constant */,
				7B72993129D1F39D000B4BB0 /* Extension */,
				7B72993029D1F39A000B4BB0 /* Helper */,
				7B72992F29D1F398000B4BB0 /* Screen */,
				7B72992C29D1F391000B4BB0 /* Delegate */,
				7B72992B29D1F38E000B4BB0 /* Storyboard */,
				7B72992029D1F366000B4BB0 /* Assets.xcassets */,
				7B72992529D1F366000B4BB0 /* Info.plist */,
			);
			path = Market;
			sourceTree = "<group>";
		};
		7B72992B29D1F38E000B4BB0 /* Storyboard */ = {
			isa = PBXGroup;
			children = (
				7B72991D29D1F365000B4BB0 /* Main.storyboard */,
				7B72992229D1F366000B4BB0 /* LaunchScreen.storyboard */,
			);
			path = Storyboard;
			sourceTree = "<group>";
		};
		7B72992C29D1F391000B4BB0 /* Delegate */ = {
			isa = PBXGroup;
			children = (
				7B72991729D1F365000B4BB0 /* AppDelegate.swift */,
				7B72991929D1F365000B4BB0 /* SceneDelegate.swift */,
			);
			path = Delegate;
			sourceTree = "<group>";
		};
		7B72992F29D1F398000B4BB0 /* Screen */ = {
			isa = PBXGroup;
			children = (
				7B72993529D1F3FD000B4BB0 /* Model */,
				7B72993429D1F3FB000B4BB0 /* View */,
				7B72993329D1F3F5000B4BB0 /* ViewModel */,
			);
			path = Screen;
			sourceTree = "<group>";
		};
		7B72993029D1F39A000B4BB0 /* Helper */ = {
			isa = PBXGroup;
			children = (
				7B72993A29D1F565000B4BB0 /* APIManager.swift */,
			);
			path = Helper;
			sourceTree = "<group>";
		};
		7B72993129D1F39D000B4BB0 /* Extension */ = {
			isa = PBXGroup;
			children = (
				7B72994729D24C7A000B4BB0 /* UIImageView+Extensions.swift */,
			);
			path = Extension;
			sourceTree = "<group>";
		};
		7B72993229D1F3A0000B4BB0 /* Constant */ = {
			isa = PBXGroup;
			children = (
				7B72993C29D1F5E8000B4BB0 /* Constant.swift */,
			);
			path = Constant;
			sourceTree = "<group>";
		};
		7B72993329D1F3F5000B4BB0 /* ViewModel */ = {
			isa = PBXGroup;
			children = (
				7B72993E29D1FC27000B4BB0 /* ProductViewModel.swift */,
			);
			path = ViewModel;
			sourceTree = "<group>";
		};
		7B72993429D1F3FB000B4BB0 /* View */ = {
			isa = PBXGroup;
			children = (
				7B72991B29D1F365000B4BB0 /* ProductListViewController.swift */,
				7B72994029D244C6000B4BB0 /* ProductTableViewCell.swift */,
				7B72994129D244C6000B4BB0 /* ProductTableViewCell.xib */,
			);
			path = View;
			sourceTree = "<group>";
		};
		7B72993529D1F3FD000B4BB0 /* Model */ = {
			isa = PBXGroup;
			children = (
				7B72993629D1F432000B4BB0 /* ProductModel.swift */,
				7B72993829D1F52A000B4BB0 /* RateModel.swift */,
			);
			path = Model;
			sourceTree = "<group>";
		};
/* End PBXGroup section */

/* Begin PBXNativeTarget section */
		7B72991329D1F365000B4BB0 /* Market */ = {
			isa = PBXNativeTarget;
			buildConfigurationList = 7B72992829D1F366000B4BB0 /* Build configuration list for PBXNativeTarget "Market" */;
			buildPhases = (
				7B72991029D1F365000B4BB0 /* Sources */,
				7B72991129D1F365000B4BB0 /* Frameworks */,
				7B72991229D1F365000B4BB0 /* Resources */,
			);
			buildRules = (
			);
			dependencies = (
			);
			name = Market;
			packageProductDependencies = (
				7B72994529D24C5C000B4BB0 /* Kingfisher */,
			);
			productName = Market;
			productReference = 7B72991429D1F365000B4BB0 /* Market.app */;
			productType = "com.apple.product-type.application";
		};
/* End PBXNativeTarget section */

/* Begin PBXProject section */
		7B72990C29D1F365000B4BB0 /* Project object */ = {
			isa = PBXProject;
			attributes = {
				BuildIndependentTargetsInParallel = 1;
				LastSwiftUpdateCheck = 1400;
				LastUpgradeCheck = 1400;
				TargetAttributes = {
					7B72991329D1F365000B4BB0 = {
						CreatedOnToolsVersion = 14.0;
					};
				};
			};
			buildConfigurationList = 7B72990F29D1F365000B4BB0 /* Build configuration list for PBXProject "Market" */;
			compatibilityVersion = "Xcode 14.0";
			developmentRegion = en;
			hasScannedForEncodings = 0;
			knownRegions = (
				en,
				Base,
			);
			mainGroup = 7B72990B29D1F365000B4BB0;
			packageReferences = (
				7B72994429D24C5C000B4BB0 /* XCRemoteSwiftPackageReference "Kingfisher" */,
			);
			productRefGroup = 7B72991529D1F365000B4BB0 /* Products */;
			projectDirPath = "";
			projectRoot = "";
			targets = (
				7B72991329D1F365000B4BB0 /* Market */,
			);
		};
/* End PBXProject section */

/* Begin PBXResourcesBuildPhase section */
		7B72991229D1F365000B4BB0 /* Resources */ = {
			isa = PBXResourcesBuildPhase;
			buildActionMask = 2147483647;
			files = (
				7B72992429D1F366000B4BB0 /* LaunchScreen.storyboard in Resources */,
				7B72994329D244C6000B4BB0 /* ProductTableViewCell.xib in Resources */,
				7B72992129D1F366000B4BB0 /* Assets.xcassets in Resources */,
				7B72991F29D1F365000B4BB0 /* Main.storyboard in Resources */,
			);
			runOnlyForDeploymentPostprocessing = 0;
		};
/* End PBXResourcesBuildPhase section */

/* Begin PBXSourcesBuildPhase section */
		7B72991029D1F365000B4BB0 /* Sources */ = {
			isa = PBXSourcesBuildPhase;
			buildActionMask = 2147483647;
			files = (
				7B72994829D24C7A000B4BB0 /* UIImageView+Extensions.swift in Sources */,
				7B72993D29D1F5E9000B4BB0 /* Constant.swift in Sources */,
				7B72991C29D1F365000B4BB0 /* ProductListViewController.swift in Sources */,
				7B72994229D244C6000B4BB0 /* ProductTableViewCell.swift in Sources */,
				7B72991829D1F365000B4BB0 /* AppDelegate.swift in Sources */,
				7B72993929D1F52A000B4BB0 /* RateModel.swift in Sources */,
				7B72991A29D1F365000B4BB0 /* SceneDelegate.swift in Sources */,
				7B72993729D1F432000B4BB0 /* ProductModel.swift in Sources */,
				7B72993F29D1FC27000B4BB0 /* ProductViewModel.swift in Sources */,
				7B72993B29D1F565000B4BB0 /* APIManager.swift in Sources */,
			);
			runOnlyForDeploymentPostprocessing = 0;
		};
/* End PBXSourcesBuildPhase section */

/* Begin PBXVariantGroup section */
		7B72991D29D1F365000B4BB0 /* Main.storyboard */ = {
			isa = PBXVariantGroup;
			children = (
				7B72991E29D1F365000B4BB0 /* Base */,
			);
			name = Main.storyboard;
			sourceTree = "<group>";
		};
		7B72992229D1F366000B4BB0 /* LaunchScreen.storyboard */ = {
			isa = PBXVariantGroup;
			children = (
				7B72992329D1F366000B4BB0 /* Base */,
			);
			name = LaunchScreen.storyboard;
			sourceTree = "<group>";
		};
/* End PBXVariantGroup section */

/* Begin XCBuildConfiguration section */
		7B72992629D1F366000B4BB0 /* Debug */ = {
			isa = XCBuildConfiguration;
			buildSettings = {
				ALWAYS_SEARCH_USER_PATHS = NO;
				CLANG_ANALYZER_NONNULL = YES;
				CLANG_ANALYZER_NUMBER_OBJECT_CONVERSION = YES_AGGRESSIVE;
				CLANG_CXX_LANGUAGE_STANDARD = "gnu++20";
				CLANG_ENABLE_MODULES = YES;
				CLANG_ENABLE_OBJC_ARC = YES;
				CLANG_ENABLE_OBJC_WEAK = YES;
				CLANG_WARN_BLOCK_CAPTURE_AUTORELEASING = YES;
				CLANG_WARN_BOOL_CONVERSION = YES;
				CLANG_WARN_COMMA = YES;
				CLANG_WARN_CONSTANT_CONVERSION = YES;
				CLANG_WARN_DEPRECATED_OBJC_IMPLEMENTATIONS = YES;
				CLANG_WARN_DIRECT_OBJC_ISA_USAGE = YES_ERROR;
				CLANG_WARN_DOCUMENTATION_COMMENTS = YES;
				CLANG_WARN_EMPTY_BODY = YES;
				CLANG_WARN_ENUM_CONVERSION = YES;
				CLANG_WARN_INFINITE_RECURSION = YES;
				CLANG_WARN_INT_CONVERSION = YES;
				CLANG_WARN_NON_LITERAL_NULL_CONVERSION = YES;
				CLANG_WARN_OBJC_IMPLICIT_RETAIN_SELF = YES;
				CLANG_WARN_OBJC_LITERAL_CONVERSION = YES;
				CLANG_WARN_OBJC_ROOT_CLASS = YES_ERROR;
				CLANG_WARN_QUOTED_INCLUDE_IN_FRAMEWORK_HEADER = YES;
				CLANG_WARN_RANGE_LOOP_ANALYSIS = YES;
				CLANG_WARN_STRICT_PROTOTYPES = YES;
				CLANG_WARN_SUSPICIOUS_MOVE = YES;
				CLANG_WARN_UNGUARDED_AVAILABILITY = YES_AGGRESSIVE;
				CLANG_WARN_UNREACHABLE_CODE = YES;
				CLANG_WARN__DUPLICATE_METHOD_MATCH = YES;
				COPY_PHASE_STRIP = NO;
				DEBUG_INFORMATION_FORMAT = dwarf;
				ENABLE_STRICT_OBJC_MSGSEND = YES;
				ENABLE_TESTABILITY = YES;
				GCC_C_LANGUAGE_STANDARD = gnu11;
				GCC_DYNAMIC_NO_PIC = NO;
				GCC_NO_COMMON_BLOCKS = YES;
				GCC_OPTIMIZATION_LEVEL = 0;
				GCC_PREPROCESSOR_DEFINITIONS = (
					"DEBUG=1",
					"$(inherited)",
				);
				GCC_WARN_64_TO_32_BIT_CONVERSION = YES;
				GCC_WARN_ABOUT_RETURN_TYPE = YES_ERROR;
				GCC_WARN_UNDECLARED_SELECTOR = YES;
				GCC_WARN_UNINITIALIZED_AUTOS = YES_AGGRESSIVE;
				GCC_WARN_UNUSED_FUNCTION = YES;
				GCC_WARN_UNUSED_VARIABLE = YES;
				IPHONEOS_DEPLOYMENT_TARGET = 16.0;
				MTL_ENABLE_DEBUG_INFO = INCLUDE_SOURCE;
				MTL_FAST_MATH = YES;
				ONLY_ACTIVE_ARCH = YES;
				SDKROOT = iphoneos;
				SWIFT_ACTIVE_COMPILATION_CONDITIONS = DEBUG;
				SWIFT_OPTIMIZATION_LEVEL = "-Onone";
			};
			name = Debug;
		};
		7B72992729D1F366000B4BB0 /* Release */ = {
			isa = XCBuildConfiguration;
			buildSettings = {
				ALWAYS_SEARCH_USER_PATHS = NO;
				CLANG_ANALYZER_NONNULL = YES;
				CLANG_ANALYZER_NUMBER_OBJECT_CONVERSION = YES_AGGRESSIVE;
				CLANG_CXX_LANGUAGE_STANDARD = "gnu++20";
				CLANG_ENABLE_MODULES = YES;
				CLANG_ENABLE_OBJC_ARC = YES;
				CLANG_ENABLE_OBJC_WEAK = YES;
				CLANG_WARN_BLOCK_CAPTURE_AUTORELEASING = YES;
				CLANG_WARN_BOOL_CONVERSION = YES;
				CLANG_WARN_COMMA = YES;
				CLANG_WARN_CONSTANT_CONVERSION = YES;
				CLANG_WARN_DEPRECATED_OBJC_IMPLEMENTATIONS = YES;
				CLANG_WARN_DIRECT_OBJC_ISA_USAGE = YES_ERROR;
				CLANG_WARN_DOCUMENTATION_COMMENTS = YES;
				CLANG_WARN_EMPTY_BODY = YES;
				CLANG_WARN_ENUM_CONVERSION = YES;
				CLANG_WARN_INFINITE_RECURSION = YES;
				CLANG_WARN_INT_CONVERSION = YES;
				CLANG_WARN_NON_LITERAL_NULL_CONVERSION = YES;
				CLANG_WARN_OBJC_IMPLICIT_RETAIN_SELF = YES;
				CLANG_WARN_OBJC_LITERAL_CONVERSION = YES;
				CLANG_WARN_OBJC_ROOT_CLASS = YES_ERROR;
				CLANG_WARN_QUOTED_INCLUDE_IN_FRAMEWORK_HEADER = YES;
				CLANG_WARN_RANGE_LOOP_ANALYSIS = YES;
				CLANG_WARN_STRICT_PROTOTYPES = YES;
				CLANG_WARN_SUSPICIOUS_MOVE = YES;
				CLANG_WARN_UNGUARDED_AVAILABILITY = YES_AGGRESSIVE;
				CLANG_WARN_UNREACHABLE_CODE = YES;
				CLANG_WARN__DUPLICATE_METHOD_MATCH = YES;
				COPY_PHASE_STRIP = NO;
				DEBUG_INFORMATION_FORMAT = "dwarf-with-dsym";
				ENABLE_NS_ASSERTIONS = NO;
				ENABLE_STRICT_OBJC_MSGSEND = YES;
				GCC_C_LANGUAGE_STANDARD = gnu11;
				GCC_NO_COMMON_BLOCKS = YES;
				GCC_WARN_64_TO_32_BIT_CONVERSION = YES;
				GCC_WARN_ABOUT_RETURN_TYPE = YES_ERROR;
				GCC_WARN_UNDECLARED_SELECTOR = YES;
				GCC_WARN_UNINITIALIZED_AUTOS = YES_AGGRESSIVE;
				GCC_WARN_UNUSED_FUNCTION = YES;
				GCC_WARN_UNUSED_VARIABLE = YES;
				IPHONEOS_DEPLOYMENT_TARGET = 16.0;
				MTL_ENABLE_DEBUG_INFO = NO;
				MTL_FAST_MATH = YES;
				SDKROOT = iphoneos;
				SWIFT_COMPILATION_MODE = wholemodule;
				SWIFT_OPTIMIZATION_LEVEL = "-O";
				VALIDATE_PRODUCT = YES;
			};
			name = Release;
		};
		7B72992929D1F366000B4BB0 /* Debug */ = {
			isa = XCBuildConfiguration;
			buildSettings = {
				ASSETCATALOG_COMPILER_APPICON_NAME = AppIcon;
				ASSETCATALOG_COMPILER_GLOBAL_ACCENT_COLOR_NAME = AccentColor;
				CODE_SIGN_STYLE = Automatic;
				CURRENT_PROJECT_VERSION = 1;
				DEVELOPMENT_TEAM = KTK732WRHB;
				GENERATE_INFOPLIST_FILE = YES;
				INFOPLIST_FILE = Market/Info.plist;
				INFOPLIST_KEY_UIApplicationSupportsIndirectInputEvents = YES;
				INFOPLIST_KEY_UILaunchStoryboardName = LaunchScreen;
				INFOPLIST_KEY_UIMainStoryboardFile = Main;
				INFOPLIST_KEY_UISupportedInterfaceOrientations_iPad = "UIInterfaceOrientationPortrait UIInterfaceOrientationPortraitUpsideDown UIInterfaceOrientationLandscapeLeft UIInterfaceOrientationLandscapeRight";
				INFOPLIST_KEY_UISupportedInterfaceOrientations_iPhone = "UIInterfaceOrientationPortrait UIInterfaceOrientationLandscapeLeft UIInterfaceOrientationLandscapeRight";
				LD_RUNPATH_SEARCH_PATHS = (
					"$(inherited)",
					"@executable_path/Frameworks",
				);
				MARKETING_VERSION = 1.0;
				PRODUCT_BUNDLE_IDENTIFIER = com.allymationes.Market;
				PRODUCT_NAME = "$(TARGET_NAME)";
				SWIFT_EMIT_LOC_STRINGS = YES;
				SWIFT_VERSION = 5.0;
				TARGETED_DEVICE_FAMILY = "1,2";
			};
			name = Debug;
		};
		7B72992A29D1F366000B4BB0 /* Release */ = {
			isa = XCBuildConfiguration;
			buildSettings = {
				ASSETCATALOG_COMPILER_APPICON_NAME = AppIcon;
				ASSETCATALOG_COMPILER_GLOBAL_ACCENT_COLOR_NAME = AccentColor;
				CODE_SIGN_STYLE = Automatic;
				CURRENT_PROJECT_VERSION = 1;
				DEVELOPMENT_TEAM = KTK732WRHB;
				GENERATE_INFOPLIST_FILE = YES;
				INFOPLIST_FILE = Market/Info.plist;
				INFOPLIST_KEY_UIApplicationSupportsIndirectInputEvents = YES;
				INFOPLIST_KEY_UILaunchStoryboardName = LaunchScreen;
				INFOPLIST_KEY_UIMainStoryboardFile = Main;
				INFOPLIST_KEY_UISupportedInterfaceOrientations_iPad = "UIInterfaceOrientationPortrait UIInterfaceOrientationPortraitUpsideDown UIInterfaceOrientationLandscapeLeft UIInterfaceOrientationLandscapeRight";
				INFOPLIST_KEY_UISupportedInterfaceOrientations_iPhone = "UIInterfaceOrientationPortrait UIInterfaceOrientationLandscapeLeft UIInterfaceOrientationLandscapeRight";
				LD_RUNPATH_SEARCH_PATHS = (
					"$(inherited)",
					"@executable_path/Frameworks",
				);
				MARKETING_VERSION = 1.0;
				PRODUCT_BUNDLE_IDENTIFIER = com.allymationes.Market;
				PRODUCT_NAME = "$(TARGET_NAME)";
				SWIFT_EMIT_LOC_STRINGS = YES;
				SWIFT_VERSION = 5.0;
				TARGETED_DEVICE_FAMILY = "1,2";
			};
			name = Release;
		};
/* End XCBuildConfiguration section */

/* Begin XCConfigurationList section */
		7B72990F29D1F365000B4BB0 /* Build configuration list for PBXProject "Market" */ = {
			isa = XCConfigurationList;
			buildConfigurations = (
				7B72992629D1F366000B4BB0 /* Debug */,
				7B72992729D1F366000B4BB0 /* Release */,
			);
			defaultConfigurationIsVisible = 0;
			defaultConfigurationName = Release;
		};
		7B72992829D1F366000B4BB0 /* Build configuration list for PBXNativeTarget "Market" */ = {
			isa = XCConfigurationList;
			buildConfigurations = (
				7B72992929D1F366000B4BB0 /* Debug */,
				7B72992A29D1F366000B4BB0 /* Release */,
			);
			defaultConfigurationIsVisible = 0;
			defaultConfigurationName = Release;
		};
/* End XCConfigurationList section */

/* Begin XCRemoteSwiftPackageReference section */
		7B72994429D24C5C000B4BB0 /* XCRemoteSwiftPackageReference "Kingfisher" */ = {
			isa = XCRemoteSwiftPackageReference;
			repositoryURL = "https://github.com/onevcat/Kingfisher.git";
			requirement = {
				branch = master;
				kind = branch;
			};
		};
/* End XCRemoteSwiftPackageReference section */

/* Begin XCSwiftPackageProductDependency section */
		7B72994529D24C5C000B4BB0 /* Kingfisher */ = {
			isa = XCSwiftPackageProductDependency;
			package = 7B72994429D24C5C000B4BB0 /* XCRemoteSwiftPackageReference "Kingfisher" */;
			productName = Kingfisher;
		};
/* End XCSwiftPackageProductDependency section */
	};
	rootObject = 7B72990C29D1F365000B4BB0 /* Project object */;
}
